
Microsoft Visual Studio Solution File, Format Version 12.00
# Visual Studio 15
VisualStudioVersion = 15.0.27703.2047
MinimumVisualStudioVersion = 10.0.40219.1
Project("{FAE04EC0-301F-11D3-BF4B-00C04F79EFBC}") = "ecoWorld", "ecoWorld\ecoWorld.csproj", "{9B8A916B-0B36-4F95-AE98-B7A589DDC38D}"
EndProject
Project("{FAE04EC0-301F-11D3-BF4B-00C04F79EFBC}") = "ecoServer", "ecoServer\ecoServer.csproj", "{50FD0AAC-0896-4E81-8ECF-CD38FE1D63BE}"
EndProject
Global
	GlobalSection(SolutionConfigurationPlatforms) = preSolution
		Debug|Any CPU = Debug|Any CPU
		Release|Any CPU = Release|Any CPU
	EndGlobalSection
	GlobalSection(ProjectConfigurationPlatforms) = postSolution
		{9B8A916B-0B36-4F95-AE98-B7A589DDC38D}.Debug|Any CPU.ActiveCfg = Debug|Any CPU
		{9B8A916B-0B36-4F95-AE98-B7A589DDC38D}.Debug|Any CPU.Build.0 = Debug|Any CPU
		{9B8A916B-0B36-4F95-AE98-B7A589DDC38D}.Release|Any CPU.ActiveCfg = Release|Any CPU
		{9B8A916B-0B36-4F95-AE98-B7A589DDC38D}.Release|Any CPU.Build.0 = Release|Any CPU
		{50FD0AAC-0896-4E81-8ECF-CD38FE1D63BE}.Debug|Any CPU.ActiveCfg = Debug|Any CPU
		{50FD0AAC-0896-4E81-8ECF-CD38FE1D63BE}.Debug|Any CPU.Build.0 = Debug|Any CPU
		{50FD0AAC-0896-4E81-8ECF-CD38FE1D63BE}.Release|Any CPU.ActiveCfg = Release|Any CPU
		{50FD0AAC-0896-4E81-8ECF-CD38FE1D63BE}.Release|Any CPU.Build.0 = Release|Any CPU
	EndGlobalSection
	GlobalSection(SolutionProperties) = preSolution
		HideSolutionNode = FALSE
	EndGlobalSection
	GlobalSection(ExtensibilityGlobals) = postSolution
		SolutionGuid = {53395278-A43F-4126-9BAA-CAE22F70D38E}
	EndGlobalSection
EndGlobal
